// !$*UTF8*$!
{
	archiveVersion = 1;
	classes = {
	};
	objectVersion = 46;
	objects = {

/* Begin PBXBuildFile section */
		AB6BFCFA1BD93BD100516EDA /* AppDelegate.swift in Sources */ = {isa = PBXBuildFile; fileRef = AB6BFCF91BD93BD100516EDA /* AppDelegate.swift */; };
		AB6BFCFF1BD93BD100516EDA /* Main.storyboard in Resources */ = {isa = PBXBuildFile; fileRef = AB6BFCFD1BD93BD100516EDA /* Main.storyboard */; };
		AB6BFD011BD93BD100516EDA /* Assets.xcassets in Resources */ = {isa = PBXBuildFile; fileRef = AB6BFD001BD93BD100516EDA /* Assets.xcassets */; };
		AB6BFD041BD93BD100516EDA /* LaunchScreen.storyboard in Resources */ = {isa = PBXBuildFile; fileRef = AB6BFD021BD93BD100516EDA /* LaunchScreen.storyboard */; };
		AB6BFD0F1BD93BD100516EDA /* SimpleStopDemoTests.swift in Sources */ = {isa = PBXBuildFile; fileRef = AB6BFD0E1BD93BD100516EDA /* SimpleStopDemoTests.swift */; };
		AB6BFD1A1BD93BD100516EDA /* SimpleStopDemoUITests.swift in Sources */ = {isa = PBXBuildFile; fileRef = AB6BFD191BD93BD100516EDA /* SimpleStopDemoUITests.swift */; };
		AB6BFD281BD93CC100516EDA /* SWViewController.swift in Sources */ = {isa = PBXBuildFile; fileRef = AB6BFD271BD93CC100516EDA /* SWViewController.swift */; };
/* End PBXBuildFile section */

/* Begin PBXContainerItemProxy section */
		AB6BFD0B1BD93BD100516EDA /* PBXContainerItemProxy */ = {
			isa = PBXContainerItemProxy;
			containerPortal = AB6BFCEE1BD93BD100516EDA /* Project object */;
			proxyType = 1;
			remoteGlobalIDString = AB6BFCF51BD93BD100516EDA;
			remoteInfo = SimpleStopDemo;
		};
		AB6BFD161BD93BD100516EDA /* PBXContainerItemProxy */ = {
			isa = PBXContainerItemProxy;
			containerPortal = AB6BFCEE1BD93BD100516EDA /* Project object */;
			proxyType = 1;
			remoteGlobalIDString = AB6BFCF51BD93BD100516EDA;
			remoteInfo = SimpleStopDemo;
		};
/* End PBXContainerItemProxy section */

/* Begin PBXFileReference section */
		AB6BFCF61BD93BD100516EDA /* SimpleStopDemo.app */ = {isa = PBXFileReference; explicitFileType = wrapper.application; includeInIndex = 0; path = SimpleStopDemo.app; sourceTree = BUILT_PRODUCTS_DIR; };
		AB6BFCF91BD93BD100516EDA /* AppDelegate.swift */ = {isa = PBXFileReference; lastKnownFileType = sourcecode.swift; path = AppDelegate.swift; sourceTree = "<group>"; };
		AB6BFCFE1BD93BD100516EDA /* Base */ = {isa = PBXFileReference; lastKnownFileType = file.storyboard; name = Base; path = Base.lproj/Main.storyboard; sourceTree = "<group>"; };
		AB6BFD001BD93BD100516EDA /* Assets.xcassets */ = {isa = PBXFileReference; lastKnownFileType = folder.assetcatalog; path = Assets.xcassets; sourceTree = "<group>"; };
		AB6BFD031BD93BD100516EDA /* Base */ = {isa = PBXFileReference; lastKnownFileType = file.storyboard; name = Base; path = Base.lproj/LaunchScreen.storyboard; sourceTree = "<group>"; };
		AB6BFD051BD93BD100516EDA /* Info.plist */ = {isa = PBXFileReference; lastKnownFileType = text.plist.xml; path = Info.plist; sourceTree = "<group>"; };
		AB6BFD0A1BD93BD100516EDA /* SimpleStopDemoTests.xctest */ = {isa = PBXFileReference; explicitFileType = wrapper.cfbundle; includeInIndex = 0; path = SimpleStopDemoTests.xctest; sourceTree = BUILT_PRODUCTS_DIR; };
		AB6BFD0E1BD93BD100516EDA /* SimpleStopDemoTests.swift */ = {isa = PBXFileReference; lastKnownFileType = sourcecode.swift; path = SimpleStopDemoTests.swift; sourceTree = "<group>"; };
		AB6BFD101BD93BD100516EDA /* Info.plist */ = {isa = PBXFileReference; lastKnownFileType = text.plist.xml; path = Info.plist; sourceTree = "<group>"; };
		AB6BFD151BD93BD100516EDA /* SimpleStopDemoUITests.xctest */ = {isa = PBXFileReference; explicitFileType = wrapper.cfbundle; includeInIndex = 0; path = SimpleStopDemoUITests.xctest; sourceTree = BUILT_PRODUCTS_DIR; };
		AB6BFD191BD93BD100516EDA /* SimpleStopDemoUITests.swift */ = {isa = PBXFileReference; lastKnownFileType = sourcecode.swift; path = SimpleStopDemoUITests.swift; sourceTree = "<group>"; };
		AB6BFD1B1BD93BD100516EDA /* Info.plist */ = {isa = PBXFileReference; lastKnownFileType = text.plist.xml; path = Info.plist; sourceTree = "<group>"; };
		AB6BFD271BD93CC100516EDA /* SWViewController.swift */ = {isa = PBXFileReference; fileEncoding = 4; lastKnownFileType = sourcecode.swift; name = SWViewController.swift; path = ../SWViewController.swift; sourceTree = "<group>"; };
/* End PBXFileReference section */

/* Begin PBXFrameworksBuildPhase section */
		AB6BFCF31BD93BD100516EDA /* Frameworks */ = {
			isa = PBXFrameworksBuildPhase;
			buildActionMask = 2147483647;
			files = (
			);
			runOnlyForDeploymentPostprocessing = 0;
		};
		AB6BFD071BD93BD100516EDA /* Frameworks */ = {
			isa = PBXFrameworksBuildPhase;
			buildActionMask = 2147483647;
			files = (
			);
			runOnlyForDeploymentPostprocessing = 0;
		};
		AB6BFD121BD93BD100516EDA /* Frameworks */ = {
			isa = PBXFrameworksBuildPhase;
			buildActionMask = 2147483647;
			files = (
			);
			runOnlyForDeploymentPostprocessing = 0;
		};
/* End PBXFrameworksBuildPhase section */

/* Begin PBXGroup section */
		AB6BFCED1BD93BD100516EDA = {
			isa = PBXGroup;
			children = (
				AB6BFCF81BD93BD100516EDA /* SimpleStopDemo */,
				AB6BFD0D1BD93BD100516EDA /* SimpleStopDemoTests */,
				AB6BFD181BD93BD100516EDA /* SimpleStopDemoUITests */,
				AB6BFCF71BD93BD100516EDA /* Products */,
			);
			sourceTree = "<group>";
		};
		AB6BFCF71BD93BD100516EDA /* Products */ = {
			isa = PBXGroup;
			children = (
				AB6BFCF61BD93BD100516EDA /* SimpleStopDemo.app */,
				AB6BFD0A1BD93BD100516EDA /* SimpleStopDemoTests.xctest */,
				AB6BFD151BD93BD100516EDA /* SimpleStopDemoUITests.xctest */,
			);
			name = Products;
			sourceTree = "<group>";
		};
		AB6BFCF81BD93BD100516EDA /* SimpleStopDemo */ = {
			isa = PBXGroup;
			children = (
				AB6BFCF91BD93BD100516EDA /* AppDelegate.swift */,
				AB6BFCFD1BD93BD100516EDA /* Main.storyboard */,
				AB6BFD271BD93CC100516EDA /* SWViewController.swift */,
				AB6BFD001BD93BD100516EDA /* Assets.xcassets */,
				AB6BFD021BD93BD100516EDA /* LaunchScreen.storyboard */,
				AB6BFD051BD93BD100516EDA /* Info.plist */,
			);
			path = SimpleStopDemo;
			sourceTree = "<group>";
		};
		AB6BFD0D1BD93BD100516EDA /* SimpleStopDemoTests */ = {
			isa = PBXGroup;
			children = (
				AB6BFD0E1BD93BD100516EDA /* SimpleStopDemoTests.swift */,
				AB6BFD101BD93BD100516EDA /* Info.plist */,
			);
			path = SimpleStopDemoTests;
			sourceTree = "<group>";
		};
		AB6BFD181BD93BD100516EDA /* SimpleStopDemoUITests */ = {
			isa = PBXGroup;
			children = (
				AB6BFD191BD93BD100516EDA /* SimpleStopDemoUITests.swift */,
				AB6BFD1B1BD93BD100516EDA /* Info.plist */,
			);
			path = SimpleStopDemoUITests;
			sourceTree = "<group>";
		};
/* End PBXGroup section */

/* Begin PBXNativeTarget section */
		AB6BFCF51BD93BD100516EDA /* SimpleStopDemo */ = {
			isa = PBXNativeTarget;
			buildConfigurationList = AB6BFD1E1BD93BD100516EDA /* Build configuration list for PBXNativeTarget "SimpleStopDemo" */;
			buildPhases = (
				AB6BFCF21BD93BD100516EDA /* Sources */,
				AB6BFCF31BD93BD100516EDA /* Frameworks */,
				AB6BFCF41BD93BD100516EDA /* Resources */,
			);
			buildRules = (
			);
			dependencies = (
			);
			name = SimpleStopDemo;
			productName = SimpleStopDemo;
			productReference = AB6BFCF61BD93BD100516EDA /* SimpleStopDemo.app */;
			productType = "com.apple.product-type.application";
		};
		AB6BFD091BD93BD100516EDA /* SimpleStopDemoTests */ = {
			isa = PBXNativeTarget;
			buildConfigurationList = AB6BFD211BD93BD100516EDA /* Build configuration list for PBXNativeTarget "SimpleStopDemoTests" */;
			buildPhases = (
				AB6BFD061BD93BD100516EDA /* Sources */,
				AB6BFD071BD93BD100516EDA /* Frameworks */,
				AB6BFD081BD93BD100516EDA /* Resources */,
			);
			buildRules = (
			);
			dependencies = (
				AB6BFD0C1BD93BD100516EDA /* PBXTargetDependency */,
			);
			name = SimpleStopDemoTests;
			productName = SimpleStopDemoTests;
			productReference = AB6BFD0A1BD93BD100516EDA /* SimpleStopDemoTests.xctest */;
			productType = "com.apple.product-type.bundle.unit-test";
		};
		AB6BFD141BD93BD100516EDA /* SimpleStopDemoUITests */ = {
			isa = PBXNativeTarget;
			buildConfigurationList = AB6BFD241BD93BD100516EDA /* Build configuration list for PBXNativeTarget "SimpleStopDemoUITests" */;
			buildPhases = (
				AB6BFD111BD93BD100516EDA /* Sources */,
				AB6BFD121BD93BD100516EDA /* Frameworks */,
				AB6BFD131BD93BD100516EDA /* Resources */,
			);
			buildRules = (
			);
			dependencies = (
				AB6BFD171BD93BD100516EDA /* PBXTargetDependency */,
			);
			name = SimpleStopDemoUITests;
			productName = SimpleStopDemoUITests;
			productReference = AB6BFD151BD93BD100516EDA /* SimpleStopDemoUITests.xctest */;
			productType = "com.apple.product-type.bundle.ui-testing";
		};
/* End PBXNativeTarget section */

/* Begin PBXProject section */
		AB6BFCEE1BD93BD100516EDA /* Project object */ = {
			isa = PBXProject;
			attributes = {
				LastUpgradeCheck = 0710;
				ORGANIZATIONNAME = "Zach Dawson Inc.";
				TargetAttributes = {
					AB6BFCF51BD93BD100516EDA = {
						CreatedOnToolsVersion = 7.1;
						DevelopmentTeam = SLUPAWYBX3;
					};
					AB6BFD091BD93BD100516EDA = {
						CreatedOnToolsVersion = 7.1;
						TestTargetID = AB6BFCF51BD93BD100516EDA;
					};
					AB6BFD141BD93BD100516EDA = {
						CreatedOnToolsVersion = 7.1;
						TestTargetID = AB6BFCF51BD93BD100516EDA;
					};
				};
			};
			buildConfigurationList = AB6BFCF11BD93BD100516EDA /* Build configuration list for PBXProject "SimpleStopDemo" */;
			compatibilityVersion = "Xcode 3.2";
			developmentRegion = English;
			hasScannedForEncodings = 0;
			knownRegions = (
				en,
				Base,
			);
			mainGroup = AB6BFCED1BD93BD100516EDA;
			productRefGroup = AB6BFCF71BD93BD100516EDA /* Products */;
			projectDirPath = "";
			projectRoot = "";
			targets = (
				AB6BFCF51BD93BD100516EDA /* SimpleStopDemo */,
				AB6BFD091BD93BD100516EDA /* SimpleStopDemoTests */,
				AB6BFD141BD93BD100516EDA /* SimpleStopDemoUITests */,
			);
		};
/* End PBXProject section */

/* Begin PBXResourcesBuildPhase section */
		AB6BFCF41BD93BD100516EDA /* Resources */ = {
			isa = PBXResourcesBuildPhase;
			buildActionMask = 2147483647;
			files = (
				AB6BFD041BD93BD100516EDA /* LaunchScreen.storyboard in Resources */,
				AB6BFD011BD93BD100516EDA /* Assets.xcassets in Resources */,
				AB6BFCFF1BD93BD100516EDA /* Main.storyboard in Resources */,
			);
			runOnlyForDeploymentPostprocessing = 0;
		};
		AB6BFD081BD93BD100516EDA /* Resources */ = {
			isa = PBXResourcesBuildPhase;
			buildActionMask = 2147483647;
			files = (
			);
			runOnlyForDeploymentPostprocessing = 0;
		};
		AB6BFD131BD93BD100516EDA /* Resources */ = {
			isa = PBXResourcesBuildPhase;
			buildActionMask = 2147483647;
			files = (
			);
			runOnlyForDeploymentPostprocessing = 0;
		};
/* End PBXResourcesBuildPhase section */

/* Begin PBXSourcesBuildPhase section */
		AB6BFCF21BD93BD100516EDA /* Sources */ = {
			isa = PBXSourcesBuildPhase;
			buildActionMask = 2147483647;
			files = (
				AB6BFD281BD93CC100516EDA /* SWViewController.swift in Sources */,
				AB6BFCFA1BD93BD100516EDA /* AppDelegate.swift in Sources */,
			);
			runOnlyForDeploymentPostprocessing = 0;
		};
		AB6BFD061BD93BD100516EDA /* Sources */ = {
			isa = PBXSourcesBuildPhase;
			buildActionMask = 2147483647;
			files = (
				AB6BFD0F1BD93BD100516EDA /* SimpleStopDemoTests.swift in Sources */,
			);
			runOnlyForDeploymentPostprocessing = 0;
		};
		AB6BFD111BD93BD100516EDA /* Sources */ = {
			isa = PBXSourcesBuildPhase;
			buildActionMask = 2147483647;
			files = (
				AB6BFD1A1BD93BD100516EDA /* SimpleStopDemoUITests.swift in Sources */,
			);
			runOnlyForDeploymentPostprocessing = 0;
		};
/* End PBXSourcesBuildPhase section */

/* Begin PBXTargetDependency section */
		AB6BFD0C1BD93BD100516EDA /* PBXTargetDependency */ = {
			isa = PBXTargetDependency;
			target = AB6BFCF51BD93BD100516EDA /* SimpleStopDemo */;
			targetProxy = AB6BFD0B1BD93BD100516EDA /* PBXContainerItemProxy */;
		};
		AB6BFD171BD93BD100516EDA /* PBXTargetDependency */ = {
			isa = PBXTargetDependency;
			target = AB6BFCF51BD93BD100516EDA /* SimpleStopDemo */;
			targetProxy = AB6BFD161BD93BD100516EDA /* PBXContainerItemProxy */;
		};
/* End PBXTargetDependency section */

/* Begin PBXVariantGroup section */
		AB6BFCFD1BD93BD100516EDA /* Main.storyboard */ = {
			isa = PBXVariantGroup;
			children = (
				AB6BFCFE1BD93BD100516EDA /* Base */,
			);
			name = Main.storyboard;
			sourceTree = "<group>";
		};
		AB6BFD021BD93BD100516EDA /* LaunchScreen.storyboard */ = {
			isa = PBXVariantGroup;
			children = (
				AB6BFD031BD93BD100516EDA /* Base */,
			);
			name = LaunchScreen.storyboard;
			sourceTree = "<group>";
		};
/* End PBXVariantGroup section */

/* Begin XCBuildConfiguration section */
		AB6BFD1C1BD93BD100516EDA /* Debug */ = {
			isa = XCBuildConfiguration;
			buildSettings = {
				ALWAYS_SEARCH_USER_PATHS = NO;
				CLANG_CXX_LANGUAGE_STANDARD = "gnu++0x";
				CLANG_CXX_LIBRARY = "libc++";
				CLANG_ENABLE_MODULES = YES;
				CLANG_ENABLE_OBJC_ARC = YES;
				CLANG_WARN_BOOL_CONVERSION = YES;
				CLANG_WARN_CONSTANT_CONVERSION = YES;
				CLANG_WARN_DIRECT_OBJC_ISA_USAGE = YES_ERROR;
				CLANG_WARN_EMPTY_BODY = YES;
				CLANG_WARN_ENUM_CONVERSION = YES;
				CLANG_WARN_INT_CONVERSION = YES;
				CLANG_WARN_OBJC_ROOT_CLASS = YES_ERROR;
				CLANG_WARN_UNREACHABLE_CODE = YES;
				CLANG_WARN__DUPLICATE_METHOD_MATCH = YES;
				"CODE_SIGN_IDENTITY[sdk=iphoneos*]" = "iPhone Developer";
				COPY_PHASE_STRIP = NO;
				DEBUG_INFORMATION_FORMAT = dwarf;
				ENABLE_STRICT_OBJC_MSGSEND = YES;
				ENABLE_TESTABILITY = YES;
				GCC_C_LANGUAGE_STANDARD = gnu99;
				GCC_DYNAMIC_NO_PIC = NO;
				GCC_NO_COMMON_BLOCKS = YES;
				GCC_OPTIMIZATION_LEVEL = 0;
				GCC_PREPROCESSOR_DEFINITIONS = (
					"DEBUG=1",
					"$(inherited)",
				);
				GCC_WARN_64_TO_32_BIT_CONVERSION = YES;
				GCC_WARN_ABOUT_RETURN_TYPE = YES_ERROR;
				GCC_WARN_UNDECLARED_SELECTOR = YES;
				GCC_WARN_UNINITIALIZED_AUTOS = YES_AGGRESSIVE;
				GCC_WARN_UNUSED_FUNCTION = YES;
				GCC_WARN_UNUSED_VARIABLE = YES;
				IPHONEOS_DEPLOYMENT_TARGET = 9.1;
				MTL_ENABLE_DEBUG_INFO = YES;
				ONLY_ACTIVE_ARCH = YES;
				SDKROOT = iphoneos;
				SWIFT_OPTIMIZATION_LEVEL = "-Onone";
			};
			name = Debug;
		};
		AB6BFD1D1BD93BD100516EDA /* Release */ = {
			isa = XCBuildConfiguration;
			buildSettings = {
				ALWAYS_SEARCH_USER_PATHS = NO;
				CLANG_CXX_LANGUAGE_STANDARD = "gnu++0x";
				CLANG_CXX_LIBRARY = "libc++";
				CLANG_ENABLE_MODULES = YES;
				CLANG_ENABLE_OBJC_ARC = YES;
				CLANG_WARN_BOOL_CONVERSION = YES;
				CLANG_WARN_CONSTANT_CONVERSION = YES;
				CLANG_WARN_DIRECT_OBJC_ISA_USAGE = YES_ERROR;
				CLANG_WARN_EMPTY_BODY = YES;
				CLANG_WARN_ENUM_CONVERSION = YES;
				CLANG_WARN_INT_CONVERSION = YES;
				CLANG_WARN_OBJC_ROOT_CLASS = YES_ERROR;
				CLANG_WARN_UNREACHABLE_CODE = YES;
				CLANG_WARN__DUPLICATE_METHOD_MATCH = YES;
				"CODE_SIGN_IDENTITY[sdk=iphoneos*]" = "iPhone Developer";
				COPY_PHASE_STRIP = NO;
				DEBUG_INFORMATION_FORMAT = "dwarf-with-dsym";
				ENABLE_NS_ASSERTIONS = NO;
				ENABLE_STRICT_OBJC_MSGSEND = YES;
				GCC_C_LANGUAGE_STANDARD = gnu99;
				GCC_NO_COMMON_BLOCKS = YES;
				GCC_WARN_64_TO_32_BIT_CONVERSION = YES;
				GCC_WARN_ABOUT_RETURN_TYPE = YES_ERROR;
				GCC_WARN_UNDECLARED_SELECTOR = YES;
				GCC_WARN_UNINITIALIZED_AUTOS = YES_AGGRESSIVE;
				GCC_WARN_UNUSED_FUNCTION = YES;
				GCC_WARN_UNUSED_VARIABLE = YES;
				IPHONEOS_DEPLOYMENT_TARGET = 9.1;
				MTL_ENABLE_DEBUG_INFO = NO;
				SDKROOT = iphoneos;
				VALIDATE_PRODUCT = YES;
			};
			name = Release;
		};
		AB6BFD1F1BD93BD100516EDA /* Debug */ = {
			isa = XCBuildConfiguration;
			buildSettings = {
				ASSETCATALOG_COMPILER_APPICON_NAME = AppIcon;
				CODE_SIGN_IDENTITY = "iPhone Developer";
				"CODE_SIGN_IDENTITY[sdk=iphoneos*]" = "iPhone Developer";
				INFOPLIST_FILE = SimpleStopDemo/Info.plist;
				LD_RUNPATH_SEARCH_PATHS = "$(inherited) @executable_path/Frameworks";
				PRODUCT_BUNDLE_IDENTIFIER = zdaws.SimpleStopDemo;
				PRODUCT_NAME = "$(TARGET_NAME)";
				PROVISIONING_PROFILE = "";
				TARGETED_DEVICE_FAMILY = "1,2";
			};
			name = Debug;
		};
		AB6BFD201BD93BD100516EDA /* Release */ = {
			isa = XCBuildConfiguration;
			buildSettings = {
				ASSETCATALOG_COMPILER_APPICON_NAME = AppIcon;
				CODE_SIGN_IDENTITY = "iPhone Developer";
				"CODE_SIGN_IDENTITY[sdk=iphoneos*]" = "iPhone Developer";
				INFOPLIST_FILE = SimpleStopDemo/Info.plist;
				LD_RUNPATH_SEARCH_PATHS = "$(inherited) @executable_path/Frameworks";
				PRODUCT_BUNDLE_IDENTIFIER = zdaws.SimpleStopDemo;
				PRODUCT_NAME = "$(TARGET_NAME)";
				PROVISIONING_PROFILE = "";
				TARGETED_DEVICE_FAMILY = "1,2";
			};
			name = Release;
		};
		AB6BFD221BD93BD100516EDA /* Debug */ = {
			isa = XCBuildConfiguration;
			buildSettings = {
				BUNDLE_LOADER = "$(TEST_HOST)";
				INFOPLIST_FILE = SimpleStopDemoTests/Info.plist;
				LD_RUNPATH_SEARCH_PATHS = "$(inherited) @executable_path/Frameworks @loader_path/Frameworks";
				PRODUCT_BUNDLE_IDENTIFIER = zdaws.SimpleStopDemoTests;
				PRODUCT_NAME = "$(TARGET_NAME)";
				TEST_HOST = "$(BUILT_PRODUCTS_DIR)/SimpleStopDemo.app/SimpleStopDemo";
			};
			name = Debug;
		};
		AB6BFD231BD93BD100516EDA /* Release */ = {
			isa = XCBuildConfiguration;
			buildSettings = {
				BUNDLE_LOADER = "$(TEST_HOST)";
				INFOPLIST_FILE = SimpleStopDemoTests/Info.plist;
				LD_RUNPATH_SEARCH_PATHS = "$(inherited) @executable_path/Frameworks @loader_path/Frameworks";
				PRODUCT_BUNDLE_IDENTIFIER = zdaws.SimpleStopDemoTests;
				PRODUCT_NAME = "$(TARGET_NAME)";
				TEST_HOST = "$(BUILT_PRODUCTS_DIR)/SimpleStopDemo.app/SimpleStopDemo";
			};
			name = Release;
		};
		AB6BFD251BD93BD100516EDA /* Debug */ = {
			isa = XCBuildConfiguration;
			buildSettings = {
				INFOPLIST_FILE = SimpleStopDemoUITests/Info.plist;
				LD_RUNPATH_SEARCH_PATHS = "$(inherited) @executable_path/Frameworks @loader_path/Frameworks";
				PRODUCT_BUNDLE_IDENTIFIER = zdaws.SimpleStopDemoUITests;
				PRODUCT_NAME = "$(TARGET_NAME)";
				TEST_TARGET_NAME = SimpleStopDemo;
				USES_XCTRUNNER = YES;
			};
			name = Debug;
		};
		AB6BFD261BD93BD100516EDA /* Release */ = {
			isa = XCBuildConfiguration;
			buildSettings = {
				INFOPLIST_FILE = SimpleStopDemoUITests/Info.plist;
				LD_RUNPATH_SEARCH_PATHS = "$(inherited) @executable_path/Frameworks @loader_path/Frameworks";
				PRODUCT_BUNDLE_IDENTIFIER = zdaws.SimpleStopDemoUITests;
				PRODUCT_NAME = "$(TARGET_NAME)";
				TEST_TARGET_NAME = SimpleStopDemo;
				USES_XCTRUNNER = YES;
			};
			name = Release;
		};
/* End XCBuildConfiguration section */

/* Begin XCConfigurationList section */
		AB6BFCF11BD93BD100516EDA /* Build configuration list for PBXProject "SimpleStopDemo" */ = {
			isa = XCConfigurationList;
			buildConfigurations = (
				AB6BFD1C1BD93BD100516EDA /* Debug */,
				AB6BFD1D1BD93BD100516EDA /* Release */,
			);
			defaultConfigurationIsVisible = 0;
			defaultConfigurationName = Release;
		};
		AB6BFD1E1BD93BD100516EDA /* Build configuration list for PBXNativeTarget "SimpleStopDemo" */ = {
			isa = XCConfigurationList;
			buildConfigurations = (
				AB6BFD1F1BD93BD100516EDA /* Debug */,
				AB6BFD201BD93BD100516EDA /* Release */,
			);
			defaultConfigurationIsVisible = 0;
			defaultConfigurationName = Release;
		};
		AB6BFD211BD93BD100516EDA /* Build configuration list for PBXNativeTarget "SimpleStopDemoTests" */ = {
			isa = XCConfigurationList;
			buildConfigurations = (
				AB6BFD221BD93BD100516EDA /* Debug */,
				AB6BFD231BD93BD100516EDA /* Release */,
			);
			defaultConfigurationIsVisible = 0;
			defaultConfigurationName = Release;
		};
		AB6BFD241BD93BD100516EDA /* Build configuration list for PBXNativeTarget "SimpleStopDemoUITests" */ = {
			isa = XCConfigurationList;
			buildConfigurations = (
				AB6BFD251BD93BD100516EDA /* Debug */,
				AB6BFD261BD93BD100516EDA /* Release */,
			);
			defaultConfigurationIsVisible = 0;
			defaultConfigurationName = Release;
		};
/* End XCConfigurationList section */
	};
	rootObject = AB6BFCEE1BD93BD100516EDA /* Project object */;
}
